
Microsoft Visual Studio Solution File, Format Version 12.00
# Visual Studio Version 17
VisualStudioVersion = 17.9.34526.213
MinimumVisualStudioVersion = 10.0.40219.1
Project("{FAE04EC0-301F-11D3-BF4B-00C04F79EFBC}") = "SmallApiToolkit", "SmallApiToolkit\SmallApiToolkit.csproj", "{A6C8465F-0D16-43A2-B2AF-31F0B8D4225B}"
EndProject
Global
	GlobalSection(SolutionConfigurationPlatforms) = preSolution
		Debug|Any CPU = Debug|Any CPU
		Release|Any CPU = Release|Any CPU
	EndGlobalSection
	GlobalSection(ProjectConfigurationPlatforms) = postSolution
		{A6C8465F-0D16-43A2-B2AF-31F0B8D4225B}.Debug|Any CPU.ActiveCfg = Debug|Any CPU
		{A6C8465F-0D16-43A2-B2AF-31F0B8D4225B}.Debug|Any CPU.Build.0 = Debug|Any CPU
		{A6C8465F-0D16-43A2-B2AF-31F0B8D4225B}.Release|Any CPU.ActiveCfg = Release|Any CPU
		{A6C8465F-0D16-43A2-B2AF-31F0B8D4225B}.Release|Any CPU.Build.0 = Release|Any CPU
	EndGlobalSection
	GlobalSection(SolutionProperties) = preSolution
		HideSolutionNode = FALSE
	EndGlobalSection
	GlobalSection(ExtensibilityGlobals) = postSolution
		SolutionGuid = {65D3AC12-3413-4A9C-8EFD-97E8C15B1C49}
	EndGlobalSection
EndGlobal
